{
  "name": "domthedevtwitterbot",
  "version": "1.0.0",
  "lockfileVersion": 2,
  "requires": true,
  "packages": {
    "": {
      "name": "domthedevtwitterbot",
      "version": "1.0.0",
      "license": "ISC",
      "dependencies": {
        "cron": "^1.8.3",
        "dotenv": "^16.0.0",
        "twitter-api-v2": "^1.12.0"
      }
    },
    "node_modules/cron": {
      "version": "1.8.3",
      "resolved": "https://registry.npmjs.org/cron/-/cron-1.8.3.tgz",
      "integrity": "sha512-JYR/QZFklJCIPndBLfd/2nU1nSlCMrUdtQ2mGLXSVM/qqqEK7DOrFR0gsEiyeqs0PdWrs0ve1ggH4V7XksDwXg==",
      "dependencies": {
        "luxon": "^1.23.x"
      }
    },
    "node_modules/dotenv": {
      "version": "16.0.0",
      "resolved": "https://registry.npmjs.org/dotenv/-/dotenv-16.0.0.tgz",
      "integrity": "sha512-qD9WU0MPM4SWLPJy/r2Be+2WgQj8plChsyrCNQzW/0WjvcJQiKQJ9mH3ZgB3fxbUUxgc/11ZJ0Fi5KiimWGz2Q==",
      "engines": {
        "node": ">=12"
      }
    },
    "node_modules/luxon": {
      "version": "1.28.0",
      "resolved": "https://registry.npmjs.org/luxon/-/luxon-1.28.0.tgz",
      "integrity": "sha512-TfTiyvZhwBYM/7QdAVDh+7dBTBA29v4ik0Ce9zda3Mnf8on1S5KJI8P2jKFZ8+5C0jhmr0KwJEO/Wdpm0VeWJQ==",
      "engines": {
        "node": "*"
      }
    },
    "node_modules/twitter-api-v2": {
      "version": "1.12.0",
      "resolved": "https://registry.npmjs.org/twitter-api-v2/-/twitter-api-v2-1.12.0.tgz",
      "integrity": "sha512-8Fv+sUYY0P1gloiBSgG1w/NSuGUIP32lDKMPVzIMX3jd4zDhiJFtCft41fKs+JqcD8m7s+4vkMO/XwyY2+NULQ=="
    }
  },
  "dependencies": {
    "cron": {
      "version": "1.8.3",
      "resolved": "https://registry.npmjs.org/cron/-/cron-1.8.3.tgz",
      "integrity": "sha512-JYR/QZFklJCIPndBLfd/2nU1nSlCMrUdtQ2mGLXSVM/qqqEK7DOrFR0gsEiyeqs0PdWrs0ve1ggH4V7XksDwXg==",
      "requires": {
        "luxon": "^1.23.x"
      }
    },
    "dotenv": {
      "version": "16.0.0",
      "resolved": "https://registry.npmjs.org/dotenv/-/dotenv-16.0.0.tgz",
      "integrity": "sha512-qD9WU0MPM4SWLPJy/r2Be+2WgQj8plChsyrCNQzW/0WjvcJQiKQJ9mH3ZgB3fxbUUxgc/11ZJ0Fi5KiimWGz2Q=="
    },
    "luxon": {
      "version": "1.28.0",
      "resolved": "https://registry.npmjs.org/luxon/-/luxon-1.28.0.tgz",
      "integrity": "sha512-TfTiyvZhwBYM/7QdAVDh+7dBTBA29v4ik0Ce9zda3Mnf8on1S5KJI8P2jKFZ8+5C0jhmr0KwJEO/Wdpm0VeWJQ=="
    },
    "twitter-api-v2": {
      "version": "1.12.0",
      "resolved": "https://registry.npmjs.org/twitter-api-v2/-/twitter-api-v2-1.12.0.tgz",
      "integrity": "sha512-8Fv+sUYY0P1gloiBSgG1w/NSuGUIP32lDKMPVzIMX3jd4zDhiJFtCft41fKs+JqcD8m7s+4vkMO/XwyY2+NULQ=="
    }
  }
}
